# THIS IS AN AUTOGENERATED FILE. DO NOT EDIT THIS FILE DIRECTLY.
# yarn lockfile v1


svg64@^1.1.0:
  version "1.1.0"
  resolved "https://registry.yarnpkg.com/svg64/-/svg64-1.1.0.tgz#51f2c9f52675c59fd921ed9bddc5169501664973"
  integrity sha512-9qfEr8mXxA/sgoybuCfCM72iiRplE6J1qCpCtljr1+C/UccVvRxz/sHBf/JQ7tsuXSm+p02Al1mP4DreJB7Edw==
